// !$*UTF8*$!
{
	archiveVersion = 1;
	classes = {
	};
	objectVersion = 48;
	objects = {

/* Begin PBXBuildFile section */
		3FC7CE8120865CC300E37C94 /* AppDelegate.swift in Sources */ = {isa = PBXBuildFile; fileRef = 3FC7CE8020865CC300E37C94 /* AppDelegate.swift */; };
		3FC7CE8320865CC300E37C94 /* ViewController.swift in Sources */ = {isa = PBXBuildFile; fileRef = 3FC7CE8220865CC300E37C94 /* ViewController.swift */; };
		3FC7CE8620865CC300E37C94 /* Main.storyboard in Resources */ = {isa = PBXBuildFile; fileRef = 3FC7CE8420865CC300E37C94 /* Main.storyboard */; };
		3FC7CE8820865CC300E37C94 /* Assets.xcassets in Resources */ = {isa = PBXBuildFile; fileRef = 3FC7CE8720865CC300E37C94 /* Assets.xcassets */; };
		3FC7CE8B20865CC300E37C94 /* LaunchScreen.storyboard in Resources */ = {isa = PBXBuildFile; fileRef = 3FC7CE8920865CC300E37C94 /* LaunchScreen.storyboard */; };
		3FC7CE9620865CC300E37C94 /* SegueSample2Tests.swift in Sources */ = {isa = PBXBuildFile; fileRef = 3FC7CE9520865CC300E37C94 /* SegueSample2Tests.swift */; };
		3FC7CEA120865CC300E37C94 /* SegueSample2UITests.swift in Sources */ = {isa = PBXBuildFile; fileRef = 3FC7CEA020865CC300E37C94 /* SegueSample2UITests.swift */; };
		3FC7CEAF20865EAF00E37C94 /* SecondViewController.swift in Sources */ = {isa = PBXBuildFile; fileRef = 3FC7CEAE20865EAF00E37C94 /* SecondViewController.swift */; };
/* End PBXBuildFile section */

/* Begin PBXContainerItemProxy section */
		3FC7CE9220865CC300E37C94 /* PBXContainerItemProxy */ = {
			isa = PBXContainerItemProxy;
			containerPortal = 3FC7CE7520865CC300E37C94 /* Project object */;
			proxyType = 1;
			remoteGlobalIDString = 3FC7CE7C20865CC300E37C94;
			remoteInfo = SegueSample2;
		};
		3FC7CE9D20865CC300E37C94 /* PBXContainerItemProxy */ = {
			isa = PBXContainerItemProxy;
			containerPortal = 3FC7CE7520865CC300E37C94 /* Project object */;
			proxyType = 1;
			remoteGlobalIDString = 3FC7CE7C20865CC300E37C94;
			remoteInfo = SegueSample2;
		};
/* End PBXContainerItemProxy section */

/* Begin PBXFileReference section */
		3FC7CE7D20865CC300E37C94 /* SegueSample2.app */ = {isa = PBXFileReference; explicitFileType = wrapper.application; includeInIndex = 0; path = SegueSample2.app; sourceTree = BUILT_PRODUCTS_DIR; };
		3FC7CE8020865CC300E37C94 /* AppDelegate.swift */ = {isa = PBXFileReference; lastKnownFileType = sourcecode.swift; path = AppDelegate.swift; sourceTree = "<group>"; };
		3FC7CE8220865CC300E37C94 /* ViewController.swift */ = {isa = PBXFileReference; lastKnownFileType = sourcecode.swift; path = ViewController.swift; sourceTree = "<group>"; };
		3FC7CE8520865CC300E37C94 /* Base */ = {isa = PBXFileReference; lastKnownFileType = file.storyboard; name = Base; path = Base.lproj/Main.storyboard; sourceTree = "<group>"; };
		3FC7CE8720865CC300E37C94 /* Assets.xcassets */ = {isa = PBXFileReference; lastKnownFileType = folder.assetcatalog; path = Assets.xcassets; sourceTree = "<group>"; };
		3FC7CE8A20865CC300E37C94 /* Base */ = {isa = PBXFileReference; lastKnownFileType = file.storyboard; name = Base; path = Base.lproj/LaunchScreen.storyboard; sourceTree = "<group>"; };
		3FC7CE8C20865CC300E37C94 /* Info.plist */ = {isa = PBXFileReference; lastKnownFileType = text.plist.xml; path = Info.plist; sourceTree = "<group>"; };
		3FC7CE9120865CC300E37C94 /* SegueSample2Tests.xctest */ = {isa = PBXFileReference; explicitFileType = wrapper.cfbundle; includeInIndex = 0; path = SegueSample2Tests.xctest; sourceTree = BUILT_PRODUCTS_DIR; };
		3FC7CE9520865CC300E37C94 /* SegueSample2Tests.swift */ = {isa = PBXFileReference; lastKnownFileType = sourcecode.swift; path = SegueSample2Tests.swift; sourceTree = "<group>"; };
		3FC7CE9720865CC300E37C94 /* Info.plist */ = {isa = PBXFileReference; lastKnownFileType = text.plist.xml; path = Info.plist; sourceTree = "<group>"; };
		3FC7CE9C20865CC300E37C94 /* SegueSample2UITests.xctest */ = {isa = PBXFileReference; explicitFileType = wrapper.cfbundle; includeInIndex = 0; path = SegueSample2UITests.xctest; sourceTree = BUILT_PRODUCTS_DIR; };
		3FC7CEA020865CC300E37C94 /* SegueSample2UITests.swift */ = {isa = PBXFileReference; lastKnownFileType = sourcecode.swift; path = SegueSample2UITests.swift; sourceTree = "<group>"; };
		3FC7CEA220865CC300E37C94 /* Info.plist */ = {isa = PBXFileReference; lastKnownFileType = text.plist.xml; path = Info.plist; sourceTree = "<group>"; };
		3FC7CEAE20865EAF00E37C94 /* SecondViewController.swift */ = {isa = PBXFileReference; lastKnownFileType = sourcecode.swift; path = SecondViewController.swift; sourceTree = "<group>"; };
/* End PBXFileReference section */

/* Begin PBXFrameworksBuildPhase section */
		3FC7CE7A20865CC300E37C94 /* Frameworks */ = {
			isa = PBXFrameworksBuildPhase;
			buildActionMask = 2147483647;
			files = (
			);
			runOnlyForDeploymentPostprocessing = 0;
		};
		3FC7CE8E20865CC300E37C94 /* Frameworks */ = {
			isa = PBXFrameworksBuildPhase;
			buildActionMask = 2147483647;
			files = (
			);
			runOnlyForDeploymentPostprocessing = 0;
		};
		3FC7CE9920865CC300E37C94 /* Frameworks */ = {
			isa = PBXFrameworksBuildPhase;
			buildActionMask = 2147483647;
			files = (
			);
			runOnlyForDeploymentPostprocessing = 0;
		};
/* End PBXFrameworksBuildPhase section */

/* Begin PBXGroup section */
		3FC7CE7420865CC300E37C94 = {
			isa = PBXGroup;
			children = (
				3FC7CE7F20865CC300E37C94 /* SegueSample2 */,
				3FC7CE9420865CC300E37C94 /* SegueSample2Tests */,
				3FC7CE9F20865CC300E37C94 /* SegueSample2UITests */,
				3FC7CE7E20865CC300E37C94 /* Products */,
			);
			sourceTree = "<group>";
		};
		3FC7CE7E20865CC300E37C94 /* Products */ = {
			isa = PBXGroup;
			children = (
				3FC7CE7D20865CC300E37C94 /* SegueSample2.app */,
				3FC7CE9120865CC300E37C94 /* SegueSample2Tests.xctest */,
				3FC7CE9C20865CC300E37C94 /* SegueSample2UITests.xctest */,
			);
			name = Products;
			sourceTree = "<group>";
		};
		3FC7CE7F20865CC300E37C94 /* SegueSample2 */ = {
			isa = PBXGroup;
			children = (
				3FC7CE8020865CC300E37C94 /* AppDelegate.swift */,
				3FC7CE8220865CC300E37C94 /* ViewController.swift */,
				3FC7CEAE20865EAF00E37C94 /* SecondViewController.swift */,
				3FC7CE8420865CC300E37C94 /* Main.storyboard */,
				3FC7CE8720865CC300E37C94 /* Assets.xcassets */,
				3FC7CE8920865CC300E37C94 /* LaunchScreen.storyboard */,
				3FC7CE8C20865CC300E37C94 /* Info.plist */,
			);
			path = SegueSample2;
			sourceTree = "<group>";
		};
		3FC7CE9420865CC300E37C94 /* SegueSample2Tests */ = {
			isa = PBXGroup;
			children = (
				3FC7CE9520865CC300E37C94 /* SegueSample2Tests.swift */,
				3FC7CE9720865CC300E37C94 /* Info.plist */,
			);
			path = SegueSample2Tests;
			sourceTree = "<group>";
		};
		3FC7CE9F20865CC300E37C94 /* SegueSample2UITests */ = {
			isa = PBXGroup;
			children = (
				3FC7CEA020865CC300E37C94 /* SegueSample2UITests.swift */,
				3FC7CEA220865CC300E37C94 /* Info.plist */,
			);
			path = SegueSample2UITests;
			sourceTree = "<group>";
		};
/* End PBXGroup section */

/* Begin PBXNativeTarget section */
		3FC7CE7C20865CC300E37C94 /* SegueSample2 */ = {
			isa = PBXNativeTarget;
			buildConfigurationList = 3FC7CEA520865CC300E37C94 /* Build configuration list for PBXNativeTarget "SegueSample2" */;
			buildPhases = (
				3FC7CE7920865CC300E37C94 /* Sources */,
				3FC7CE7A20865CC300E37C94 /* Frameworks */,
				3FC7CE7B20865CC300E37C94 /* Resources */,
			);
			buildRules = (
			);
			dependencies = (
			);
			name = SegueSample2;
			productName = SegueSample2;
			productReference = 3FC7CE7D20865CC300E37C94 /* SegueSample2.app */;
			productType = "com.apple.product-type.application";
		};
		3FC7CE9020865CC300E37C94 /* SegueSample2Tests */ = {
			isa = PBXNativeTarget;
			buildConfigurationList = 3FC7CEA820865CC300E37C94 /* Build configuration list for PBXNativeTarget "SegueSample2Tests" */;
			buildPhases = (
				3FC7CE8D20865CC300E37C94 /* Sources */,
				3FC7CE8E20865CC300E37C94 /* Frameworks */,
				3FC7CE8F20865CC300E37C94 /* Resources */,
			);
			buildRules = (
			);
			dependencies = (
				3FC7CE9320865CC300E37C94 /* PBXTargetDependency */,
			);
			name = SegueSample2Tests;
			productName = SegueSample2Tests;
			productReference = 3FC7CE9120865CC300E37C94 /* SegueSample2Tests.xctest */;
			productType = "com.apple.product-type.bundle.unit-test";
		};
		3FC7CE9B20865CC300E37C94 /* SegueSample2UITests */ = {
			isa = PBXNativeTarget;
			buildConfigurationList = 3FC7CEAB20865CC300E37C94 /* Build configuration list for PBXNativeTarget "SegueSample2UITests" */;
			buildPhases = (
				3FC7CE9820865CC300E37C94 /* Sources */,
				3FC7CE9920865CC300E37C94 /* Frameworks */,
				3FC7CE9A20865CC300E37C94 /* Resources */,
			);
			buildRules = (
			);
			dependencies = (
				3FC7CE9E20865CC300E37C94 /* PBXTargetDependency */,
			);
			name = SegueSample2UITests;
			productName = SegueSample2UITests;
			productReference = 3FC7CE9C20865CC300E37C94 /* SegueSample2UITests.xctest */;
			productType = "com.apple.product-type.bundle.ui-testing";
		};
/* End PBXNativeTarget section */

/* Begin PBXProject section */
		3FC7CE7520865CC300E37C94 /* Project object */ = {
			isa = PBXProject;
			attributes = {
				LastSwiftUpdateCheck = 0920;
				LastUpgradeCheck = 0920;
				ORGANIZATIONNAME = student;
				TargetAttributes = {
					3FC7CE7C20865CC300E37C94 = {
						CreatedOnToolsVersion = 9.2;
						ProvisioningStyle = Automatic;
					};
					3FC7CE9020865CC300E37C94 = {
						CreatedOnToolsVersion = 9.2;
						ProvisioningStyle = Automatic;
						TestTargetID = 3FC7CE7C20865CC300E37C94;
					};
					3FC7CE9B20865CC300E37C94 = {
						CreatedOnToolsVersion = 9.2;
						ProvisioningStyle = Automatic;
						TestTargetID = 3FC7CE7C20865CC300E37C94;
					};
				};
			};
			buildConfigurationList = 3FC7CE7820865CC300E37C94 /* Build configuration list for PBXProject "SegueSample2" */;
			compatibilityVersion = "Xcode 8.0";
			developmentRegion = en;
			hasScannedForEncodings = 0;
			knownRegions = (
				en,
				Base,
			);
			mainGroup = 3FC7CE7420865CC300E37C94;
			productRefGroup = 3FC7CE7E20865CC300E37C94 /* Products */;
			projectDirPath = "";
			projectRoot = "";
			targets = (
				3FC7CE7C20865CC300E37C94 /* SegueSample2 */,
				3FC7CE9020865CC300E37C94 /* SegueSample2Tests */,
				3FC7CE9B20865CC300E37C94 /* SegueSample2UITests */,
			);
		};
/* End PBXProject section */

/* Begin PBXResourcesBuildPhase section */
		3FC7CE7B20865CC300E37C94 /* Resources */ = {
			isa = PBXResourcesBuildPhase;
			buildActionMask = 2147483647;
			files = (
				3FC7CE8B20865CC300E37C94 /* LaunchScreen.storyboard in Resources */,
				3FC7CE8820865CC300E37C94 /* Assets.xcassets in Resources */,
				3FC7CE8620865CC300E37C94 /* Main.storyboard in Resources */,
			);
			runOnlyForDeploymentPostprocessing = 0;
		};
		3FC7CE8F20865CC300E37C94 /* Resources */ = {
			isa = PBXResourcesBuildPhase;
			buildActionMask = 2147483647;
			files = (
			);
			runOnlyForDeploymentPostprocessing = 0;
		};
		3FC7CE9A20865CC300E37C94 /* Resources */ = {
			isa = PBXResourcesBuildPhase;
			buildActionMask = 2147483647;
			files = (
			);
			runOnlyForDeploymentPostprocessing = 0;
		};
/* End PBXResourcesBuildPhase section */

/* Begin PBXSourcesBuildPhase section */
		3FC7CE7920865CC300E37C94 /* Sources */ = {
			isa = PBXSourcesBuildPhase;
			buildActionMask = 2147483647;
			files = (
				3FC7CEAF20865EAF00E37C94 /* SecondViewController.swift in Sources */,
				3FC7CE8320865CC300E37C94 /* ViewController.swift in Sources */,
				3FC7CE8120865CC300E37C94 /* AppDelegate.swift in Sources */,
			);
			runOnlyForDeploymentPostprocessing = 0;
		};
		3FC7CE8D20865CC300E37C94 /* Sources */ = {
			isa = PBXSourcesBuildPhase;
			buildActionMask = 2147483647;
			files = (
				3FC7CE9620865CC300E37C94 /* SegueSample2Tests.swift in Sources */,
			);
			runOnlyForDeploymentPostprocessing = 0;
		};
		3FC7CE9820865CC300E37C94 /* Sources */ = {
			isa = PBXSourcesBuildPhase;
			buildActionMask = 2147483647;
			files = (
				3FC7CEA120865CC300E37C94 /* SegueSample2UITests.swift in Sources */,
			);
			runOnlyForDeploymentPostprocessing = 0;
		};
/* End PBXSourcesBuildPhase section */

/* Begin PBXTargetDependency section */
		3FC7CE9320865CC300E37C94 /* PBXTargetDependency */ = {
			isa = PBXTargetDependency;
			target = 3FC7CE7C20865CC300E37C94 /* SegueSample2 */;
			targetProxy = 3FC7CE9220865CC300E37C94 /* PBXContainerItemProxy */;
		};
		3FC7CE9E20865CC300E37C94 /* PBXTargetDependency */ = {
			isa = PBXTargetDependency;
			target = 3FC7CE7C20865CC300E37C94 /* SegueSample2 */;
			targetProxy = 3FC7CE9D20865CC300E37C94 /* PBXContainerItemProxy */;
		};
/* End PBXTargetDependency section */

/* Begin PBXVariantGroup section */
		3FC7CE8420865CC300E37C94 /* Main.storyboard */ = {
			isa = PBXVariantGroup;
			children = (
				3FC7CE8520865CC300E37C94 /* Base */,
			);
			name = Main.storyboard;
			sourceTree = "<group>";
		};
		3FC7CE8920865CC300E37C94 /* LaunchScreen.storyboard */ = {
			isa = PBXVariantGroup;
			children = (
				3FC7CE8A20865CC300E37C94 /* Base */,
			);
			name = LaunchScreen.storyboard;
			sourceTree = "<group>";
		};
/* End PBXVariantGroup section */

/* Begin XCBuildConfiguration section */
		3FC7CEA320865CC300E37C94 /* Debug */ = {
			isa = XCBuildConfiguration;
			buildSettings = {
				ALWAYS_SEARCH_USER_PATHS = NO;
				CLANG_ANALYZER_NONNULL = YES;
				CLANG_ANALYZER_NUMBER_OBJECT_CONVERSION = YES_AGGRESSIVE;
				CLANG_CXX_LANGUAGE_STANDARD = "gnu++14";
				CLANG_CXX_LIBRARY = "libc++";
				CLANG_ENABLE_MODULES = YES;
				CLANG_ENABLE_OBJC_ARC = YES;
				CLANG_WARN_BLOCK_CAPTURE_AUTORELEASING = YES;
				CLANG_WARN_BOOL_CONVERSION = YES;
				CLANG_WARN_COMMA = YES;
				CLANG_WARN_CONSTANT_CONVERSION = YES;
				CLANG_WARN_DIRECT_OBJC_ISA_USAGE = YES_ERROR;
				CLANG_WARN_DOCUMENTATION_COMMENTS = YES;
				CLANG_WARN_EMPTY_BODY = YES;
				CLANG_WARN_ENUM_CONVERSION = YES;
				CLANG_WARN_INFINITE_RECURSION = YES;
				CLANG_WARN_INT_CONVERSION = YES;
				CLANG_WARN_NON_LITERAL_NULL_CONVERSION = YES;
				CLANG_WARN_OBJC_LITERAL_CONVERSION = YES;
				CLANG_WARN_OBJC_ROOT_CLASS = YES_ERROR;
				CLANG_WARN_RANGE_LOOP_ANALYSIS = YES;
				CLANG_WARN_STRICT_PROTOTYPES = YES;
				CLANG_WARN_SUSPICIOUS_MOVE = YES;
				CLANG_WARN_UNGUARDED_AVAILABILITY = YES_AGGRESSIVE;
				CLANG_WARN_UNREACHABLE_CODE = YES;
				CLANG_WARN__DUPLICATE_METHOD_MATCH = YES;
				CODE_SIGN_IDENTITY = "iPhone Developer";
				COPY_PHASE_STRIP = NO;
				DEBUG_INFORMATION_FORMAT = dwarf;
				ENABLE_STRICT_OBJC_MSGSEND = YES;
				ENABLE_TESTABILITY = YES;
				GCC_C_LANGUAGE_STANDARD = gnu11;
				GCC_DYNAMIC_NO_PIC = NO;
				GCC_NO_COMMON_BLOCKS = YES;
				GCC_OPTIMIZATION_LEVEL = 0;
				GCC_PREPROCESSOR_DEFINITIONS = (
					"DEBUG=1",
					"$(inherited)",
				);
				GCC_WARN_64_TO_32_BIT_CONVERSION = YES;
				GCC_WARN_ABOUT_RETURN_TYPE = YES_ERROR;
				GCC_WARN_UNDECLARED_SELECTOR = YES;
				GCC_WARN_UNINITIALIZED_AUTOS = YES_AGGRESSIVE;
				GCC_WARN_UNUSED_FUNCTION = YES;
				GCC_WARN_UNUSED_VARIABLE = YES;
				IPHONEOS_DEPLOYMENT_TARGET = 11.2;
				MTL_ENABLE_DEBUG_INFO = YES;
				ONLY_ACTIVE_ARCH = YES;
				SDKROOT = iphoneos;
				SWIFT_ACTIVE_COMPILATION_CONDITIONS = DEBUG;
				SWIFT_OPTIMIZATION_LEVEL = "-Onone";
			};
			name = Debug;
		};
		3FC7CEA420865CC300E37C94 /* Release */ = {
			isa = XCBuildConfiguration;
			buildSettings = {
				ALWAYS_SEARCH_USER_PATHS = NO;
				CLANG_ANALYZER_NONNULL = YES;
				CLANG_ANALYZER_NUMBER_OBJECT_CONVERSION = YES_AGGRESSIVE;
				CLANG_CXX_LANGUAGE_STANDARD = "gnu++14";
				CLANG_CXX_LIBRARY = "libc++";
				CLANG_ENABLE_MODULES = YES;
				CLANG_ENABLE_OBJC_ARC = YES;
				CLANG_WARN_BLOCK_CAPTURE_AUTORELEASING = YES;
				CLANG_WARN_BOOL_CONVERSION = YES;
				CLANG_WARN_COMMA = YES;
				CLANG_WARN_CONSTANT_CONVERSION = YES;
				CLANG_WARN_DIRECT_OBJC_ISA_USAGE = YES_ERROR;
				CLANG_WARN_DOCUMENTATION_COMMENTS = YES;
				CLANG_WARN_EMPTY_BODY = YES;
				CLANG_WARN_ENUM_CONVERSION = YES;
				CLANG_WARN_INFINITE_RECURSION = YES;
				CLANG_WARN_INT_CONVERSION = YES;
				CLANG_WARN_NON_LITERAL_NULL_CONVERSION = YES;
				CLANG_WARN_OBJC_LITERAL_CONVERSION = YES;
				CLANG_WARN_OBJC_ROOT_CLASS = YES_ERROR;
				CLANG_WARN_RANGE_LOOP_ANALYSIS = YES;
				CLANG_WARN_STRICT_PROTOTYPES = YES;
				CLANG_WARN_SUSPICIOUS_MOVE = YES;
				CLANG_WARN_UNGUARDED_AVAILABILITY = YES_AGGRESSIVE;
				CLANG_WARN_UNREACHABLE_CODE = YES;
				CLANG_WARN__DUPLICATE_METHOD_MATCH = YES;
				CODE_SIGN_IDENTITY = "iPhone Developer";
				COPY_PHASE_STRIP = NO;
				DEBUG_INFORMATION_FORMAT = "dwarf-with-dsym";
				ENABLE_NS_ASSERTIONS = NO;
				ENABLE_STRICT_OBJC_MSGSEND = YES;
				GCC_C_LANGUAGE_STANDARD = gnu11;
				GCC_NO_COMMON_BLOCKS = YES;
				GCC_WARN_64_TO_32_BIT_CONVERSION = YES;
				GCC_WARN_ABOUT_RETURN_TYPE = YES_ERROR;
				GCC_WARN_UNDECLARED_SELECTOR = YES;
				GCC_WARN_UNINITIALIZED_AUTOS = YES_AGGRESSIVE;
				GCC_WARN_UNUSED_FUNCTION = YES;
				GCC_WARN_UNUSED_VARIABLE = YES;
				IPHONEOS_DEPLOYMENT_TARGET = 11.2;
				MTL_ENABLE_DEBUG_INFO = NO;
				SDKROOT = iphoneos;
				SWIFT_OPTIMIZATION_LEVEL = "-Owholemodule";
				VALIDATE_PRODUCT = YES;
			};
			name = Release;
		};
		3FC7CEA620865CC300E37C94 /* Debug */ = {
			isa = XCBuildConfiguration;
			buildSettings = {
				ASSETCATALOG_COMPILER_APPICON_NAME = AppIcon;
				CODE_SIGN_STYLE = Automatic;
				INFOPLIST_FILE = SegueSample2/Info.plist;
				LD_RUNPATH_SEARCH_PATHS = "$(inherited) @executable_path/Frameworks";
				PRODUCT_BUNDLE_IDENTIFIER = "-.SegueSample2";
				PRODUCT_NAME = "$(TARGET_NAME)";
				SWIFT_VERSION = 4.0;
				TARGETED_DEVICE_FAMILY = "1,2";
			};
			name = Debug;
		};
		3FC7CEA720865CC300E37C94 /* Release */ = {
			isa = XCBuildConfiguration;
			buildSettings = {
				ASSETCATALOG_COMPILER_APPICON_NAME = AppIcon;
				CODE_SIGN_STYLE = Automatic;
				INFOPLIST_FILE = SegueSample2/Info.plist;
				LD_RUNPATH_SEARCH_PATHS = "$(inherited) @executable_path/Frameworks";
				PRODUCT_BUNDLE_IDENTIFIER = "-.SegueSample2";
				PRODUCT_NAME = "$(TARGET_NAME)";
				SWIFT_VERSION = 4.0;
				TARGETED_DEVICE_FAMILY = "1,2";
			};
			name = Release;
		};
		3FC7CEA920865CC300E37C94 /* Debug */ = {
			isa = XCBuildConfiguration;
			buildSettings = {
				ALWAYS_EMBED_SWIFT_STANDARD_LIBRARIES = YES;
				BUNDLE_LOADER = "$(TEST_HOST)";
				CODE_SIGN_STYLE = Automatic;
				INFOPLIST_FILE = SegueSample2Tests/Info.plist;
				LD_RUNPATH_SEARCH_PATHS = "$(inherited) @executable_path/Frameworks @loader_path/Frameworks";
				PRODUCT_BUNDLE_IDENTIFIER = "-.SegueSample2Tests";
				PRODUCT_NAME = "$(TARGET_NAME)";
				SWIFT_VERSION = 4.0;
				TARGETED_DEVICE_FAMILY = "1,2";
				TEST_HOST = "$(BUILT_PRODUCTS_DIR)/SegueSample2.app/SegueSample2";
			};
			name = Debug;
		};
		3FC7CEAA20865CC300E37C94 /* Release */ = {
			isa = XCBuildConfiguration;
			buildSettings = {
				ALWAYS_EMBED_SWIFT_STANDARD_LIBRARIES = YES;
				BUNDLE_LOADER = "$(TEST_HOST)";
				CODE_SIGN_STYLE = Automatic;
				INFOPLIST_FILE = SegueSample2Tests/Info.plist;
				LD_RUNPATH_SEARCH_PATHS = "$(inherited) @executable_path/Frameworks @loader_path/Frameworks";
				PRODUCT_BUNDLE_IDENTIFIER = "-.SegueSample2Tests";
				PRODUCT_NAME = "$(TARGET_NAME)";
				SWIFT_VERSION = 4.0;
				TARGETED_DEVICE_FAMILY = "1,2";
				TEST_HOST = "$(BUILT_PRODUCTS_DIR)/SegueSample2.app/SegueSample2";
			};
			name = Release;
		};
		3FC7CEAC20865CC300E37C94 /* Debug */ = {
			isa = XCBuildConfiguration;
			buildSettings = {
				ALWAYS_EMBED_SWIFT_STANDARD_LIBRARIES = YES;
				CODE_SIGN_STYLE = Automatic;
				INFOPLIST_FILE = SegueSample2UITests/Info.plist;
				LD_RUNPATH_SEARCH_PATHS = "$(inherited) @executable_path/Frameworks @loader_path/Frameworks";
				PRODUCT_BUNDLE_IDENTIFIER = "-.SegueSample2UITests";
				PRODUCT_NAME = "$(TARGET_NAME)";
				SWIFT_VERSION = 4.0;
				TARGETED_DEVICE_FAMILY = "1,2";
				TEST_TARGET_NAME = SegueSample2;
			};
			name = Debug;
		};
		3FC7CEAD20865CC300E37C94 /* Release */ = {
			isa = XCBuildConfiguration;
			buildSettings = {
				ALWAYS_EMBED_SWIFT_STANDARD_LIBRARIES = YES;
				CODE_SIGN_STYLE = Automatic;
				INFOPLIST_FILE = SegueSample2UITests/Info.plist;
				LD_RUNPATH_SEARCH_PATHS = "$(inherited) @executable_path/Frameworks @loader_path/Frameworks";
				PRODUCT_BUNDLE_IDENTIFIER = "-.SegueSample2UITests";
				PRODUCT_NAME = "$(TARGET_NAME)";
				SWIFT_VERSION = 4.0;
				TARGETED_DEVICE_FAMILY = "1,2";
				TEST_TARGET_NAME = SegueSample2;
			};
			name = Release;
		};
/* End XCBuildConfiguration section */

/* Begin XCConfigurationList section */
		3FC7CE7820865CC300E37C94 /* Build configuration list for PBXProject "SegueSample2" */ = {
			isa = XCConfigurationList;
			buildConfigurations = (
				3FC7CEA320865CC300E37C94 /* Debug */,
				3FC7CEA420865CC300E37C94 /* Release */,
			);
			defaultConfigurationIsVisible = 0;
			defaultConfigurationName = Release;
		};
		3FC7CEA520865CC300E37C94 /* Build configuration list for PBXNativeTarget "SegueSample2" */ = {
			isa = XCConfigurationList;
			buildConfigurations = (
				3FC7CEA620865CC300E37C94 /* Debug */,
				3FC7CEA720865CC300E37C94 /* Release */,
			);
			defaultConfigurationIsVisible = 0;
			defaultConfigurationName = Release;
		};
		3FC7CEA820865CC300E37C94 /* Build configuration list for PBXNativeTarget "SegueSample2Tests" */ = {
			isa = XCConfigurationList;
			buildConfigurations = (
				3FC7CEA920865CC300E37C94 /* Debug */,
				3FC7CEAA20865CC300E37C94 /* Release */,
			);
			defaultConfigurationIsVisible = 0;
			defaultConfigurationName = Release;
		};
		3FC7CEAB20865CC300E37C94 /* Build configuration list for PBXNativeTarget "SegueSample2UITests" */ = {
			isa = XCConfigurationList;
			buildConfigurations = (
				3FC7CEAC20865CC300E37C94 /* Debug */,
				3FC7CEAD20865CC300E37C94 /* Release */,
			);
			defaultConfigurationIsVisible = 0;
			defaultConfigurationName = Release;
		};
/* End XCConfigurationList section */
	};
	rootObject = 3FC7CE7520865CC300E37C94 /* Project object */;
}
