
Microsoft Visual Studio Solution File, Format Version 12.00
# Visual Studio 15
VisualStudioVersion = 15.0.28010.2016
MinimumVisualStudioVersion = 10.0.40219.1
Project("{FAE04EC0-301F-11D3-BF4B-00C04F79EFBC}") = "CopyForm3", "CopyForm3\CopyForm3.csproj", "{C88DF55F-447E-450C-BDB9-D7AB7E00CCB6}"
EndProject
Global
	GlobalSection(SolutionConfigurationPlatforms) = preSolution
		Debug|Any CPU = Debug|Any CPU
		Release|Any CPU = Release|Any CPU
	EndGlobalSection
	GlobalSection(ProjectConfigurationPlatforms) = postSolution
		{C88DF55F-447E-450C-BDB9-D7AB7E00CCB6}.Debug|Any CPU.ActiveCfg = Debug|Any CPU
		{C88DF55F-447E-450C-BDB9-D7AB7E00CCB6}.Debug|Any CPU.Build.0 = Debug|Any CPU
		{C88DF55F-447E-450C-BDB9-D7AB7E00CCB6}.Release|Any CPU.ActiveCfg = Release|Any CPU
		{C88DF55F-447E-450C-BDB9-D7AB7E00CCB6}.Release|Any CPU.Build.0 = Release|Any CPU
	EndGlobalSection
	GlobalSection(SolutionProperties) = preSolution
		HideSolutionNode = FALSE
	EndGlobalSection
	GlobalSection(ExtensibilityGlobals) = postSolution
		SolutionGuid = {832E8755-651D-4CA3-9038-291CCEA267DA}
	EndGlobalSection
EndGlobal
