// !$*UTF8*$!
{
	archiveVersion = 1;
	classes = {
	};
	objectVersion = 48;
	objects = {

/* Begin PBXBuildFile section */
		3FBC91822051F35F0043FE0E /* AppDelegate.swift in Sources */ = {isa = PBXBuildFile; fileRef = 3FBC91812051F35F0043FE0E /* AppDelegate.swift */; };
		3FBC91842051F35F0043FE0E /* ViewController.swift in Sources */ = {isa = PBXBuildFile; fileRef = 3FBC91832051F35F0043FE0E /* ViewController.swift */; };
		3FBC91872051F35F0043FE0E /* Main.storyboard in Resources */ = {isa = PBXBuildFile; fileRef = 3FBC91852051F35F0043FE0E /* Main.storyboard */; };
		3FBC91892051F35F0043FE0E /* Assets.xcassets in Resources */ = {isa = PBXBuildFile; fileRef = 3FBC91882051F35F0043FE0E /* Assets.xcassets */; };
		3FBC918C2051F35F0043FE0E /* LaunchScreen.storyboard in Resources */ = {isa = PBXBuildFile; fileRef = 3FBC918A2051F35F0043FE0E /* LaunchScreen.storyboard */; };
		3FBC91972051F3600043FE0E /* QuizTests.swift in Sources */ = {isa = PBXBuildFile; fileRef = 3FBC91962051F3600043FE0E /* QuizTests.swift */; };
		3FBC91A22051F3600043FE0E /* QuizUITests.swift in Sources */ = {isa = PBXBuildFile; fileRef = 3FBC91A12051F3600043FE0E /* QuizUITests.swift */; };
/* End PBXBuildFile section */

/* Begin PBXContainerItemProxy section */
		3FBC91932051F3600043FE0E /* PBXContainerItemProxy */ = {
			isa = PBXContainerItemProxy;
			containerPortal = 3FBC91762051F35F0043FE0E /* Project object */;
			proxyType = 1;
			remoteGlobalIDString = 3FBC917D2051F35F0043FE0E;
			remoteInfo = Quiz;
		};
		3FBC919E2051F3600043FE0E /* PBXContainerItemProxy */ = {
			isa = PBXContainerItemProxy;
			containerPortal = 3FBC91762051F35F0043FE0E /* Project object */;
			proxyType = 1;
			remoteGlobalIDString = 3FBC917D2051F35F0043FE0E;
			remoteInfo = Quiz;
		};
/* End PBXContainerItemProxy section */

/* Begin PBXFileReference section */
		3FBC917E2051F35F0043FE0E /* Quiz.app */ = {isa = PBXFileReference; explicitFileType = wrapper.application; includeInIndex = 0; path = Quiz.app; sourceTree = BUILT_PRODUCTS_DIR; };
		3FBC91812051F35F0043FE0E /* AppDelegate.swift */ = {isa = PBXFileReference; lastKnownFileType = sourcecode.swift; path = AppDelegate.swift; sourceTree = "<group>"; };
		3FBC91832051F35F0043FE0E /* ViewController.swift */ = {isa = PBXFileReference; lastKnownFileType = sourcecode.swift; path = ViewController.swift; sourceTree = "<group>"; };
		3FBC91862051F35F0043FE0E /* Base */ = {isa = PBXFileReference; lastKnownFileType = file.storyboard; name = Base; path = Base.lproj/Main.storyboard; sourceTree = "<group>"; };
		3FBC91882051F35F0043FE0E /* Assets.xcassets */ = {isa = PBXFileReference; lastKnownFileType = folder.assetcatalog; path = Assets.xcassets; sourceTree = "<group>"; };
		3FBC918B2051F35F0043FE0E /* Base */ = {isa = PBXFileReference; lastKnownFileType = file.storyboard; name = Base; path = Base.lproj/LaunchScreen.storyboard; sourceTree = "<group>"; };
		3FBC918D2051F35F0043FE0E /* Info.plist */ = {isa = PBXFileReference; lastKnownFileType = text.plist.xml; path = Info.plist; sourceTree = "<group>"; };
		3FBC91922051F3600043FE0E /* QuizTests.xctest */ = {isa = PBXFileReference; explicitFileType = wrapper.cfbundle; includeInIndex = 0; path = QuizTests.xctest; sourceTree = BUILT_PRODUCTS_DIR; };
		3FBC91962051F3600043FE0E /* QuizTests.swift */ = {isa = PBXFileReference; lastKnownFileType = sourcecode.swift; path = QuizTests.swift; sourceTree = "<group>"; };
		3FBC91982051F3600043FE0E /* Info.plist */ = {isa = PBXFileReference; lastKnownFileType = text.plist.xml; path = Info.plist; sourceTree = "<group>"; };
		3FBC919D2051F3600043FE0E /* QuizUITests.xctest */ = {isa = PBXFileReference; explicitFileType = wrapper.cfbundle; includeInIndex = 0; path = QuizUITests.xctest; sourceTree = BUILT_PRODUCTS_DIR; };
		3FBC91A12051F3600043FE0E /* QuizUITests.swift */ = {isa = PBXFileReference; lastKnownFileType = sourcecode.swift; path = QuizUITests.swift; sourceTree = "<group>"; };
		3FBC91A32051F3600043FE0E /* Info.plist */ = {isa = PBXFileReference; lastKnownFileType = text.plist.xml; path = Info.plist; sourceTree = "<group>"; };
/* End PBXFileReference section */

/* Begin PBXFrameworksBuildPhase section */
		3FBC917B2051F35F0043FE0E /* Frameworks */ = {
			isa = PBXFrameworksBuildPhase;
			buildActionMask = 2147483647;
			files = (
			);
			runOnlyForDeploymentPostprocessing = 0;
		};
		3FBC918F2051F3600043FE0E /* Frameworks */ = {
			isa = PBXFrameworksBuildPhase;
			buildActionMask = 2147483647;
			files = (
			);
			runOnlyForDeploymentPostprocessing = 0;
		};
		3FBC919A2051F3600043FE0E /* Frameworks */ = {
			isa = PBXFrameworksBuildPhase;
			buildActionMask = 2147483647;
			files = (
			);
			runOnlyForDeploymentPostprocessing = 0;
		};
/* End PBXFrameworksBuildPhase section */

/* Begin PBXGroup section */
		3FBC91752051F35F0043FE0E = {
			isa = PBXGroup;
			children = (
				3FBC91802051F35F0043FE0E /* Quiz */,
				3FBC91952051F3600043FE0E /* QuizTests */,
				3FBC91A02051F3600043FE0E /* QuizUITests */,
				3FBC917F2051F35F0043FE0E /* Products */,
			);
			sourceTree = "<group>";
		};
		3FBC917F2051F35F0043FE0E /* Products */ = {
			isa = PBXGroup;
			children = (
				3FBC917E2051F35F0043FE0E /* Quiz.app */,
				3FBC91922051F3600043FE0E /* QuizTests.xctest */,
				3FBC919D2051F3600043FE0E /* QuizUITests.xctest */,
			);
			name = Products;
			sourceTree = "<group>";
		};
		3FBC91802051F35F0043FE0E /* Quiz */ = {
			isa = PBXGroup;
			children = (
				3FBC91812051F35F0043FE0E /* AppDelegate.swift */,
				3FBC91832051F35F0043FE0E /* ViewController.swift */,
				3FBC91852051F35F0043FE0E /* Main.storyboard */,
				3FBC91882051F35F0043FE0E /* Assets.xcassets */,
				3FBC918A2051F35F0043FE0E /* LaunchScreen.storyboard */,
				3FBC918D2051F35F0043FE0E /* Info.plist */,
			);
			path = Quiz;
			sourceTree = "<group>";
		};
		3FBC91952051F3600043FE0E /* QuizTests */ = {
			isa = PBXGroup;
			children = (
				3FBC91962051F3600043FE0E /* QuizTests.swift */,
				3FBC91982051F3600043FE0E /* Info.plist */,
			);
			path = QuizTests;
			sourceTree = "<group>";
		};
		3FBC91A02051F3600043FE0E /* QuizUITests */ = {
			isa = PBXGroup;
			children = (
				3FBC91A12051F3600043FE0E /* QuizUITests.swift */,
				3FBC91A32051F3600043FE0E /* Info.plist */,
			);
			path = QuizUITests;
			sourceTree = "<group>";
		};
/* End PBXGroup section */

/* Begin PBXNativeTarget section */
		3FBC917D2051F35F0043FE0E /* Quiz */ = {
			isa = PBXNativeTarget;
			buildConfigurationList = 3FBC91A62051F3600043FE0E /* Build configuration list for PBXNativeTarget "Quiz" */;
			buildPhases = (
				3FBC917A2051F35F0043FE0E /* Sources */,
				3FBC917B2051F35F0043FE0E /* Frameworks */,
				3FBC917C2051F35F0043FE0E /* Resources */,
			);
			buildRules = (
			);
			dependencies = (
			);
			name = Quiz;
			productName = Quiz;
			productReference = 3FBC917E2051F35F0043FE0E /* Quiz.app */;
			productType = "com.apple.product-type.application";
		};
		3FBC91912051F3600043FE0E /* QuizTests */ = {
			isa = PBXNativeTarget;
			buildConfigurationList = 3FBC91A92051F3600043FE0E /* Build configuration list for PBXNativeTarget "QuizTests" */;
			buildPhases = (
				3FBC918E2051F3600043FE0E /* Sources */,
				3FBC918F2051F3600043FE0E /* Frameworks */,
				3FBC91902051F3600043FE0E /* Resources */,
			);
			buildRules = (
			);
			dependencies = (
				3FBC91942051F3600043FE0E /* PBXTargetDependency */,
			);
			name = QuizTests;
			productName = QuizTests;
			productReference = 3FBC91922051F3600043FE0E /* QuizTests.xctest */;
			productType = "com.apple.product-type.bundle.unit-test";
		};
		3FBC919C2051F3600043FE0E /* QuizUITests */ = {
			isa = PBXNativeTarget;
			buildConfigurationList = 3FBC91AC2051F3600043FE0E /* Build configuration list for PBXNativeTarget "QuizUITests" */;
			buildPhases = (
				3FBC91992051F3600043FE0E /* Sources */,
				3FBC919A2051F3600043FE0E /* Frameworks */,
				3FBC919B2051F3600043FE0E /* Resources */,
			);
			buildRules = (
			);
			dependencies = (
				3FBC919F2051F3600043FE0E /* PBXTargetDependency */,
			);
			name = QuizUITests;
			productName = QuizUITests;
			productReference = 3FBC919D2051F3600043FE0E /* QuizUITests.xctest */;
			productType = "com.apple.product-type.bundle.ui-testing";
		};
/* End PBXNativeTarget section */

/* Begin PBXProject section */
		3FBC91762051F35F0043FE0E /* Project object */ = {
			isa = PBXProject;
			attributes = {
				LastSwiftUpdateCheck = 0920;
				LastUpgradeCheck = 0920;
				ORGANIZATIONNAME = student;
				TargetAttributes = {
					3FBC917D2051F35F0043FE0E = {
						CreatedOnToolsVersion = 9.2;
						ProvisioningStyle = Automatic;
					};
					3FBC91912051F3600043FE0E = {
						CreatedOnToolsVersion = 9.2;
						ProvisioningStyle = Automatic;
						TestTargetID = 3FBC917D2051F35F0043FE0E;
					};
					3FBC919C2051F3600043FE0E = {
						CreatedOnToolsVersion = 9.2;
						ProvisioningStyle = Automatic;
						TestTargetID = 3FBC917D2051F35F0043FE0E;
					};
				};
			};
			buildConfigurationList = 3FBC91792051F35F0043FE0E /* Build configuration list for PBXProject "Quiz" */;
			compatibilityVersion = "Xcode 8.0";
			developmentRegion = en;
			hasScannedForEncodings = 0;
			knownRegions = (
				en,
				Base,
			);
			mainGroup = 3FBC91752051F35F0043FE0E;
			productRefGroup = 3FBC917F2051F35F0043FE0E /* Products */;
			projectDirPath = "";
			projectRoot = "";
			targets = (
				3FBC917D2051F35F0043FE0E /* Quiz */,
				3FBC91912051F3600043FE0E /* QuizTests */,
				3FBC919C2051F3600043FE0E /* QuizUITests */,
			);
		};
/* End PBXProject section */

/* Begin PBXResourcesBuildPhase section */
		3FBC917C2051F35F0043FE0E /* Resources */ = {
			isa = PBXResourcesBuildPhase;
			buildActionMask = 2147483647;
			files = (
				3FBC918C2051F35F0043FE0E /* LaunchScreen.storyboard in Resources */,
				3FBC91892051F35F0043FE0E /* Assets.xcassets in Resources */,
				3FBC91872051F35F0043FE0E /* Main.storyboard in Resources */,
			);
			runOnlyForDeploymentPostprocessing = 0;
		};
		3FBC91902051F3600043FE0E /* Resources */ = {
			isa = PBXResourcesBuildPhase;
			buildActionMask = 2147483647;
			files = (
			);
			runOnlyForDeploymentPostprocessing = 0;
		};
		3FBC919B2051F3600043FE0E /* Resources */ = {
			isa = PBXResourcesBuildPhase;
			buildActionMask = 2147483647;
			files = (
			);
			runOnlyForDeploymentPostprocessing = 0;
		};
/* End PBXResourcesBuildPhase section */

/* Begin PBXSourcesBuildPhase section */
		3FBC917A2051F35F0043FE0E /* Sources */ = {
			isa = PBXSourcesBuildPhase;
			buildActionMask = 2147483647;
			files = (
				3FBC91842051F35F0043FE0E /* ViewController.swift in Sources */,
				3FBC91822051F35F0043FE0E /* AppDelegate.swift in Sources */,
			);
			runOnlyForDeploymentPostprocessing = 0;
		};
		3FBC918E2051F3600043FE0E /* Sources */ = {
			isa = PBXSourcesBuildPhase;
			buildActionMask = 2147483647;
			files = (
				3FBC91972051F3600043FE0E /* QuizTests.swift in Sources */,
			);
			runOnlyForDeploymentPostprocessing = 0;
		};
		3FBC91992051F3600043FE0E /* Sources */ = {
			isa = PBXSourcesBuildPhase;
			buildActionMask = 2147483647;
			files = (
				3FBC91A22051F3600043FE0E /* QuizUITests.swift in Sources */,
			);
			runOnlyForDeploymentPostprocessing = 0;
		};
/* End PBXSourcesBuildPhase section */

/* Begin PBXTargetDependency section */
		3FBC91942051F3600043FE0E /* PBXTargetDependency */ = {
			isa = PBXTargetDependency;
			target = 3FBC917D2051F35F0043FE0E /* Quiz */;
			targetProxy = 3FBC91932051F3600043FE0E /* PBXContainerItemProxy */;
		};
		3FBC919F2051F3600043FE0E /* PBXTargetDependency */ = {
			isa = PBXTargetDependency;
			target = 3FBC917D2051F35F0043FE0E /* Quiz */;
			targetProxy = 3FBC919E2051F3600043FE0E /* PBXContainerItemProxy */;
		};
/* End PBXTargetDependency section */

/* Begin PBXVariantGroup section */
		3FBC91852051F35F0043FE0E /* Main.storyboard */ = {
			isa = PBXVariantGroup;
			children = (
				3FBC91862051F35F0043FE0E /* Base */,
			);
			name = Main.storyboard;
			sourceTree = "<group>";
		};
		3FBC918A2051F35F0043FE0E /* LaunchScreen.storyboard */ = {
			isa = PBXVariantGroup;
			children = (
				3FBC918B2051F35F0043FE0E /* Base */,
			);
			name = LaunchScreen.storyboard;
			sourceTree = "<group>";
		};
/* End PBXVariantGroup section */

/* Begin XCBuildConfiguration section */
		3FBC91A42051F3600043FE0E /* Debug */ = {
			isa = XCBuildConfiguration;
			buildSettings = {
				ALWAYS_SEARCH_USER_PATHS = NO;
				CLANG_ANALYZER_NONNULL = YES;
				CLANG_ANALYZER_NUMBER_OBJECT_CONVERSION = YES_AGGRESSIVE;
				CLANG_CXX_LANGUAGE_STANDARD = "gnu++14";
				CLANG_CXX_LIBRARY = "libc++";
				CLANG_ENABLE_MODULES = YES;
				CLANG_ENABLE_OBJC_ARC = YES;
				CLANG_WARN_BLOCK_CAPTURE_AUTORELEASING = YES;
				CLANG_WARN_BOOL_CONVERSION = YES;
				CLANG_WARN_COMMA = YES;
				CLANG_WARN_CONSTANT_CONVERSION = YES;
				CLANG_WARN_DIRECT_OBJC_ISA_USAGE = YES_ERROR;
				CLANG_WARN_DOCUMENTATION_COMMENTS = YES;
				CLANG_WARN_EMPTY_BODY = YES;
				CLANG_WARN_ENUM_CONVERSION = YES;
				CLANG_WARN_INFINITE_RECURSION = YES;
				CLANG_WARN_INT_CONVERSION = YES;
				CLANG_WARN_NON_LITERAL_NULL_CONVERSION = YES;
				CLANG_WARN_OBJC_LITERAL_CONVERSION = YES;
				CLANG_WARN_OBJC_ROOT_CLASS = YES_ERROR;
				CLANG_WARN_RANGE_LOOP_ANALYSIS = YES;
				CLANG_WARN_STRICT_PROTOTYPES = YES;
				CLANG_WARN_SUSPICIOUS_MOVE = YES;
				CLANG_WARN_UNGUARDED_AVAILABILITY = YES_AGGRESSIVE;
				CLANG_WARN_UNREACHABLE_CODE = YES;
				CLANG_WARN__DUPLICATE_METHOD_MATCH = YES;
				CODE_SIGN_IDENTITY = "iPhone Developer";
				COPY_PHASE_STRIP = NO;
				DEBUG_INFORMATION_FORMAT = dwarf;
				ENABLE_STRICT_OBJC_MSGSEND = YES;
				ENABLE_TESTABILITY = YES;
				GCC_C_LANGUAGE_STANDARD = gnu11;
				GCC_DYNAMIC_NO_PIC = NO;
				GCC_NO_COMMON_BLOCKS = YES;
				GCC_OPTIMIZATION_LEVEL = 0;
				GCC_PREPROCESSOR_DEFINITIONS = (
					"DEBUG=1",
					"$(inherited)",
				);
				GCC_WARN_64_TO_32_BIT_CONVERSION = YES;
				GCC_WARN_ABOUT_RETURN_TYPE = YES_ERROR;
				GCC_WARN_UNDECLARED_SELECTOR = YES;
				GCC_WARN_UNINITIALIZED_AUTOS = YES_AGGRESSIVE;
				GCC_WARN_UNUSED_FUNCTION = YES;
				GCC_WARN_UNUSED_VARIABLE = YES;
				IPHONEOS_DEPLOYMENT_TARGET = 11.2;
				MTL_ENABLE_DEBUG_INFO = YES;
				ONLY_ACTIVE_ARCH = YES;
				SDKROOT = iphoneos;
				SWIFT_ACTIVE_COMPILATION_CONDITIONS = DEBUG;
				SWIFT_OPTIMIZATION_LEVEL = "-Onone";
			};
			name = Debug;
		};
		3FBC91A52051F3600043FE0E /* Release */ = {
			isa = XCBuildConfiguration;
			buildSettings = {
				ALWAYS_SEARCH_USER_PATHS = NO;
				CLANG_ANALYZER_NONNULL = YES;
				CLANG_ANALYZER_NUMBER_OBJECT_CONVERSION = YES_AGGRESSIVE;
				CLANG_CXX_LANGUAGE_STANDARD = "gnu++14";
				CLANG_CXX_LIBRARY = "libc++";
				CLANG_ENABLE_MODULES = YES;
				CLANG_ENABLE_OBJC_ARC = YES;
				CLANG_WARN_BLOCK_CAPTURE_AUTORELEASING = YES;
				CLANG_WARN_BOOL_CONVERSION = YES;
				CLANG_WARN_COMMA = YES;
				CLANG_WARN_CONSTANT_CONVERSION = YES;
				CLANG_WARN_DIRECT_OBJC_ISA_USAGE = YES_ERROR;
				CLANG_WARN_DOCUMENTATION_COMMENTS = YES;
				CLANG_WARN_EMPTY_BODY = YES;
				CLANG_WARN_ENUM_CONVERSION = YES;
				CLANG_WARN_INFINITE_RECURSION = YES;
				CLANG_WARN_INT_CONVERSION = YES;
				CLANG_WARN_NON_LITERAL_NULL_CONVERSION = YES;
				CLANG_WARN_OBJC_LITERAL_CONVERSION = YES;
				CLANG_WARN_OBJC_ROOT_CLASS = YES_ERROR;
				CLANG_WARN_RANGE_LOOP_ANALYSIS = YES;
				CLANG_WARN_STRICT_PROTOTYPES = YES;
				CLANG_WARN_SUSPICIOUS_MOVE = YES;
				CLANG_WARN_UNGUARDED_AVAILABILITY = YES_AGGRESSIVE;
				CLANG_WARN_UNREACHABLE_CODE = YES;
				CLANG_WARN__DUPLICATE_METHOD_MATCH = YES;
				CODE_SIGN_IDENTITY = "iPhone Developer";
				COPY_PHASE_STRIP = NO;
				DEBUG_INFORMATION_FORMAT = "dwarf-with-dsym";
				ENABLE_NS_ASSERTIONS = NO;
				ENABLE_STRICT_OBJC_MSGSEND = YES;
				GCC_C_LANGUAGE_STANDARD = gnu11;
				GCC_NO_COMMON_BLOCKS = YES;
				GCC_WARN_64_TO_32_BIT_CONVERSION = YES;
				GCC_WARN_ABOUT_RETURN_TYPE = YES_ERROR;
				GCC_WARN_UNDECLARED_SELECTOR = YES;
				GCC_WARN_UNINITIALIZED_AUTOS = YES_AGGRESSIVE;
				GCC_WARN_UNUSED_FUNCTION = YES;
				GCC_WARN_UNUSED_VARIABLE = YES;
				IPHONEOS_DEPLOYMENT_TARGET = 11.2;
				MTL_ENABLE_DEBUG_INFO = NO;
				SDKROOT = iphoneos;
				SWIFT_OPTIMIZATION_LEVEL = "-Owholemodule";
				VALIDATE_PRODUCT = YES;
			};
			name = Release;
		};
		3FBC91A72051F3600043FE0E /* Debug */ = {
			isa = XCBuildConfiguration;
			buildSettings = {
				ASSETCATALOG_COMPILER_APPICON_NAME = AppIcon;
				CODE_SIGN_STYLE = Automatic;
				INFOPLIST_FILE = Quiz/Info.plist;
				LD_RUNPATH_SEARCH_PATHS = "$(inherited) @executable_path/Frameworks";
				PRODUCT_BUNDLE_IDENTIFIER = "-.Quiz";
				PRODUCT_NAME = "$(TARGET_NAME)";
				SWIFT_VERSION = 4.0;
				TARGETED_DEVICE_FAMILY = "1,2";
			};
			name = Debug;
		};
		3FBC91A82051F3600043FE0E /* Release */ = {
			isa = XCBuildConfiguration;
			buildSettings = {
				ASSETCATALOG_COMPILER_APPICON_NAME = AppIcon;
				CODE_SIGN_STYLE = Automatic;
				INFOPLIST_FILE = Quiz/Info.plist;
				LD_RUNPATH_SEARCH_PATHS = "$(inherited) @executable_path/Frameworks";
				PRODUCT_BUNDLE_IDENTIFIER = "-.Quiz";
				PRODUCT_NAME = "$(TARGET_NAME)";
				SWIFT_VERSION = 4.0;
				TARGETED_DEVICE_FAMILY = "1,2";
			};
			name = Release;
		};
		3FBC91AA2051F3600043FE0E /* Debug */ = {
			isa = XCBuildConfiguration;
			buildSettings = {
				ALWAYS_EMBED_SWIFT_STANDARD_LIBRARIES = YES;
				BUNDLE_LOADER = "$(TEST_HOST)";
				CODE_SIGN_STYLE = Automatic;
				INFOPLIST_FILE = QuizTests/Info.plist;
				LD_RUNPATH_SEARCH_PATHS = "$(inherited) @executable_path/Frameworks @loader_path/Frameworks";
				PRODUCT_BUNDLE_IDENTIFIER = "-.QuizTests";
				PRODUCT_NAME = "$(TARGET_NAME)";
				SWIFT_VERSION = 4.0;
				TARGETED_DEVICE_FAMILY = "1,2";
				TEST_HOST = "$(BUILT_PRODUCTS_DIR)/Quiz.app/Quiz";
			};
			name = Debug;
		};
		3FBC91AB2051F3600043FE0E /* Release */ = {
			isa = XCBuildConfiguration;
			buildSettings = {
				ALWAYS_EMBED_SWIFT_STANDARD_LIBRARIES = YES;
				BUNDLE_LOADER = "$(TEST_HOST)";
				CODE_SIGN_STYLE = Automatic;
				INFOPLIST_FILE = QuizTests/Info.plist;
				LD_RUNPATH_SEARCH_PATHS = "$(inherited) @executable_path/Frameworks @loader_path/Frameworks";
				PRODUCT_BUNDLE_IDENTIFIER = "-.QuizTests";
				PRODUCT_NAME = "$(TARGET_NAME)";
				SWIFT_VERSION = 4.0;
				TARGETED_DEVICE_FAMILY = "1,2";
				TEST_HOST = "$(BUILT_PRODUCTS_DIR)/Quiz.app/Quiz";
			};
			name = Release;
		};
		3FBC91AD2051F3600043FE0E /* Debug */ = {
			isa = XCBuildConfiguration;
			buildSettings = {
				ALWAYS_EMBED_SWIFT_STANDARD_LIBRARIES = YES;
				CODE_SIGN_STYLE = Automatic;
				INFOPLIST_FILE = QuizUITests/Info.plist;
				LD_RUNPATH_SEARCH_PATHS = "$(inherited) @executable_path/Frameworks @loader_path/Frameworks";
				PRODUCT_BUNDLE_IDENTIFIER = "-.QuizUITests";
				PRODUCT_NAME = "$(TARGET_NAME)";
				SWIFT_VERSION = 4.0;
				TARGETED_DEVICE_FAMILY = "1,2";
				TEST_TARGET_NAME = Quiz;
			};
			name = Debug;
		};
		3FBC91AE2051F3600043FE0E /* Release */ = {
			isa = XCBuildConfiguration;
			buildSettings = {
				ALWAYS_EMBED_SWIFT_STANDARD_LIBRARIES = YES;
				CODE_SIGN_STYLE = Automatic;
				INFOPLIST_FILE = QuizUITests/Info.plist;
				LD_RUNPATH_SEARCH_PATHS = "$(inherited) @executable_path/Frameworks @loader_path/Frameworks";
				PRODUCT_BUNDLE_IDENTIFIER = "-.QuizUITests";
				PRODUCT_NAME = "$(TARGET_NAME)";
				SWIFT_VERSION = 4.0;
				TARGETED_DEVICE_FAMILY = "1,2";
				TEST_TARGET_NAME = Quiz;
			};
			name = Release;
		};
/* End XCBuildConfiguration section */

/* Begin XCConfigurationList section */
		3FBC91792051F35F0043FE0E /* Build configuration list for PBXProject "Quiz" */ = {
			isa = XCConfigurationList;
			buildConfigurations = (
				3FBC91A42051F3600043FE0E /* Debug */,
				3FBC91A52051F3600043FE0E /* Release */,
			);
			defaultConfigurationIsVisible = 0;
			defaultConfigurationName = Release;
		};
		3FBC91A62051F3600043FE0E /* Build configuration list for PBXNativeTarget "Quiz" */ = {
			isa = XCConfigurationList;
			buildConfigurations = (
				3FBC91A72051F3600043FE0E /* Debug */,
				3FBC91A82051F3600043FE0E /* Release */,
			);
			defaultConfigurationIsVisible = 0;
			defaultConfigurationName = Release;
		};
		3FBC91A92051F3600043FE0E /* Build configuration list for PBXNativeTarget "QuizTests" */ = {
			isa = XCConfigurationList;
			buildConfigurations = (
				3FBC91AA2051F3600043FE0E /* Debug */,
				3FBC91AB2051F3600043FE0E /* Release */,
			);
			defaultConfigurationIsVisible = 0;
			defaultConfigurationName = Release;
		};
		3FBC91AC2051F3600043FE0E /* Build configuration list for PBXNativeTarget "QuizUITests" */ = {
			isa = XCConfigurationList;
			buildConfigurations = (
				3FBC91AD2051F3600043FE0E /* Debug */,
				3FBC91AE2051F3600043FE0E /* Release */,
			);
			defaultConfigurationIsVisible = 0;
			defaultConfigurationName = Release;
		};
/* End XCConfigurationList section */
	};
	rootObject = 3FBC91762051F35F0043FE0E /* Project object */;
}
